// !$*UTF8*$!
{
	archiveVersion = 1;
	classes = {
	};
	objectVersion = 39;
	objects = {
		00E6828EFEC88D1A11DB9C8B = {
			buildSettings = {
			};
			buildStyles = (
				130F8B95001BDF0A11CA292A,
				130F8B96001BDF0A11CA292A,
			);
			hasScannedForEncodings = 1;
			isa = PBXProject;
			mainGroup = 00E6828FFEC88D1A11DB9C8B;
			productRefGroup = 0120612AFEC8923411DB9C8B;
			projectDirPath = "";
			targets = (
				130F8B90001BDF0A11CA292A,
			);
		};
		00E6828FFEC88D1A11DB9C8B = {
			children = (
				1B5C72C5072B48C8003469E3,
				1B5C72C6072B48C8003469E3,
				1B5C72C7072B48C8003469E3,
				1B5C72C8072B48C8003469E3,
				1B5C72C9072B48C8003469E3,
				010341B7FEEF030011DB9C8B,
				1BBD3D2C0730B6E4003AEBA7,
				1BBD3D2D0730B6E4003AEBA7,
				1BD8748B0729FEA200B1A60C,
				1BFA0AA10733431600791B66,
				1BFA0A49073331F500791B66,
				6A8008AE02C7B68F0CC91562,
				6A0644A002C7BD230CC91562,
				0120612AFEC8923411DB9C8B,
			);
			isa = PBXGroup;
			refType = 4;
			sourceTree = "<group>";
		};
//000
//001
//002
//003
//004
//010
//011
//012
//013
//014
		010341B7FEEF030011DB9C8B = {
			fileEncoding = 4;
			isa = PBXFileReference;
			lastKnownFileType = sourcecode.java;
			path = CalamityClams.java;
			refType = 4;
			sourceTree = "<group>";
		};
		0120612AFEC8923411DB9C8B = {
			children = (
				6A9ED92C02B0286D0CC91562,
			);
			isa = PBXGroup;
			name = Products;
			refType = 4;
			sourceTree = "<group>";
		};
//010
//011
//012
//013
//014
//130
//131
//132
//133
//134
		130F8B90001BDF0A11CA292A = {
			buildPhases = (
				130F8B91001BDF0A11CA292A,
				130F8B93001BDF0A11CA292A,
				130F8B94001BDF0A11CA292A,
				6A0644BC02C7C42C0CC91562,
			);
			buildSettings = {
				JAVA_ARCHIVE_CLASSES = YES;
				JAVA_ARCHIVE_COMPRESSION = NO;
				JAVA_ARCHIVE_TYPE = JAR;
				JAVA_COMPILER = /usr/bin/javac;
				JAVA_MANIFEST_FILE = Manifest;
				JAVA_SOURCE_SUBDIR = .;
				PRODUCT_NAME = CalamityClams;
				PURE_JAVA = YES;
				REZ_EXECUTABLE = YES;
			};
			dependencies = (
			);
			isa = PBXToolTarget;
			name = CalamityClams;
			productInstallPath = /usr/local/bin;
			productName = CalamityClams;
			productReference = 6A9ED92C02B0286D0CC91562;
		};
		130F8B91001BDF0A11CA292A = {
			buildActionMask = 2147483647;
			files = (
				130F8B92001BDF0A11CA292A,
				1BD8748C0729FEA200B1A60C,
				1B5C72CA072B48C8003469E3,
				1B5C72CB072B48C8003469E3,
				1B5C72CC072B48C8003469E3,
				1B5C72CD072B48C8003469E3,
				1B5C72CE072B48C8003469E3,
				1BBD3D2E0730B6E4003AEBA7,
				1BBD3D2F0730B6E4003AEBA7,
				1BFA0A4A073331F500791B66,
				1BFA0AA20733431600791B66,
			);
			isa = PBXSourcesBuildPhase;
			runOnlyForDeploymentPostprocessing = 0;
		};
		130F8B92001BDF0A11CA292A = {
			fileRef = 010341B7FEEF030011DB9C8B;
			isa = PBXBuildFile;
			settings = {
			};
		};
		130F8B93001BDF0A11CA292A = {
			buildActionMask = 2147483647;
			files = (
			);
			isa = PBXJavaArchiveBuildPhase;
			runOnlyForDeploymentPostprocessing = 0;
		};
		130F8B94001BDF0A11CA292A = {
			buildActionMask = 2147483647;
			files = (
			);
			isa = PBXFrameworksBuildPhase;
			runOnlyForDeploymentPostprocessing = 0;
		};
		130F8B95001BDF0A11CA292A = {
			buildSettings = {
				COPY_PHASE_STRIP = NO;
				GCC_DYNAMIC_NO_PIC = NO;
				GCC_ENABLE_FIX_AND_CONTINUE = YES;
				GCC_GENERATE_DEBUGGING_SYMBOLS = YES;
				GCC_OPTIMIZATION_LEVEL = 0;
				ZERO_LINK = YES;
			};
			isa = PBXBuildStyle;
			name = Development;
		};
		130F8B96001BDF0A11CA292A = {
			buildSettings = {
				COPY_PHASE_STRIP = YES;
				GCC_ENABLE_FIX_AND_CONTINUE = NO;
				ZERO_LINK = NO;
			};
			isa = PBXBuildStyle;
			name = Deployment;
		};
//130
//131
//132
//133
//134
//1B0
//1B1
//1B2
//1B3
//1B4
		1B5C72C5072B48C8003469E3 = {
			fileEncoding = 30;
			isa = PBXFileReference;
			lastKnownFileType = sourcecode.java;
			path = GameManager.java;
			refType = 4;
			sourceTree = "<group>";
		};
		1B5C72C6072B48C8003469E3 = {
			fileEncoding = 30;
			isa = PBXFileReference;
			lastKnownFileType = sourcecode.java;
			path = ProgressFrame.java;
			refType = 4;
			sourceTree = "<group>";
		};
		1B5C72C7072B48C8003469E3 = {
			fileEncoding = 30;
			isa = PBXFileReference;
			lastKnownFileType = sourcecode.java;
			path = ServerNetworkInterface.java;
			refType = 4;
			sourceTree = "<group>";
		};
		1B5C72C8072B48C8003469E3 = {
			fileEncoding = 30;
			isa = PBXFileReference;
			lastKnownFileType = sourcecode.java;
			path = ClientNetworkInterface.java;
			refType = 4;
			sourceTree = "<group>";
		};
		1B5C72C9072B48C8003469E3 = {
			fileEncoding = 30;
			isa = PBXFileReference;
			lastKnownFileType = sourcecode.java;
			path = ClamServer.java;
			refType = 4;
			sourceTree = "<group>";
		};
		1B5C72CA072B48C8003469E3 = {
			fileRef = 1B5C72C5072B48C8003469E3;
			isa = PBXBuildFile;
			settings = {
			};
		};
		1B5C72CB072B48C8003469E3 = {
			fileRef = 1B5C72C6072B48C8003469E3;
			isa = PBXBuildFile;
			settings = {
			};
		};
		1B5C72CC072B48C8003469E3 = {
			fileRef = 1B5C72C7072B48C8003469E3;
			isa = PBXBuildFile;
			settings = {
			};
		};
		1B5C72CD072B48C8003469E3 = {
			fileRef = 1B5C72C8072B48C8003469E3;
			isa = PBXBuildFile;
			settings = {
			};
		};
		1B5C72CE072B48C8003469E3 = {
			fileRef = 1B5C72C9072B48C8003469E3;
			isa = PBXBuildFile;
			settings = {
			};
		};
		1BBD3D2C0730B6E4003AEBA7 = {
			fileEncoding = 30;
			isa = PBXFileReference;
			lastKnownFileType = sourcecode.java;
			path = DelayStart.java;
			refType = 4;
			sourceTree = "<group>";
		};
		1BBD3D2D0730B6E4003AEBA7 = {
			fileEncoding = 30;
			isa = PBXFileReference;
			lastKnownFileType = sourcecode.java;
			path = SplashScreen.java;
			refType = 4;
			sourceTree = "<group>";
		};
		1BBD3D2E0730B6E4003AEBA7 = {
			fileRef = 1BBD3D2C0730B6E4003AEBA7;
			isa = PBXBuildFile;
			settings = {
			};
		};
		1BBD3D2F0730B6E4003AEBA7 = {
			fileRef = 1BBD3D2D0730B6E4003AEBA7;
			isa = PBXBuildFile;
			settings = {
			};
		};
		1BD8748B0729FEA200B1A60C = {
			fileEncoding = 4;
			isa = PBXFileReference;
			lastKnownFileType = sourcecode.java;
			path = UIGuy.java;
			refType = 4;
			sourceTree = "<group>";
		};
		1BD8748C0729FEA200B1A60C = {
			fileRef = 1BD8748B0729FEA200B1A60C;
			isa = PBXBuildFile;
			settings = {
			};
		};
		1BFA0A49073331F500791B66 = {
			fileEncoding = 4;
			isa = PBXFileReference;
			lastKnownFileType = sourcecode.java;
			path = TheCaptain.java;
			refType = 4;
			sourceTree = "<group>";
		};
		1BFA0A4A073331F500791B66 = {
			fileRef = 1BFA0A49073331F500791B66;
			isa = PBXBuildFile;
			settings = {
			};
		};
		1BFA0AA10733431600791B66 = {
			fileEncoding = 4;
			isa = PBXFileReference;
			lastKnownFileType = sourcecode.java;
			path = ClamLabel.java;
			refType = 4;
			sourceTree = "<group>";
		};
		1BFA0AA20733431600791B66 = {
			fileRef = 1BFA0AA10733431600791B66;
			isa = PBXBuildFile;
			settings = {
			};
		};
//1B0
//1B1
//1B2
//1B3
//1B4
//6A0
//6A1
//6A2
//6A3
//6A4
		6A0644A002C7BD230CC91562 = {
			children = (
				6A0644AC02C7C26E0CC91562,
			);
			isa = PBXGroup;
			name = Documentation;
			refType = 4;
			sourceTree = "<group>";
		};
		6A0644AC02C7C26E0CC91562 = {
			isa = PBXFileReference;
			lastKnownFileType = text.man;
			path = CalamityClams.1;
			refType = 4;
			sourceTree = "<group>";
		};
		6A0644BC02C7C42C0CC91562 = {
			buildActionMask = 8;
			dstPath = /usr/share/man/man1/;
			dstSubfolderSpec = 0;
			files = (
				6A0644BD02C7C4400CC91562,
			);
			isa = PBXCopyFilesBuildPhase;
			runOnlyForDeploymentPostprocessing = 1;
		};
		6A0644BD02C7C4400CC91562 = {
			fileRef = 6A0644AC02C7C26E0CC91562;
			isa = PBXBuildFile;
			settings = {
			};
		};
		6A8008AE02C7B68F0CC91562 = {
			fileEncoding = 4;
			isa = PBXFileReference;
			lastKnownFileType = text;
			path = Manifest;
			refType = 4;
			sourceTree = "<group>";
		};
		6A9ED92C02B0286D0CC91562 = {
			explicitFileType = "compiled.mach-o.executable";
			includeInIndex = 0;
			isa = PBXFileReference;
			path = CalamityClams.jar;
			refType = 3;
			sourceTree = BUILT_PRODUCTS_DIR;
		};
	};
	rootObject = 00E6828EFEC88D1A11DB9C8B;
}
